
Microsoft Visual Studio Solution File, Format Version 12.00
# Visual Studio Version 17
VisualStudioVersion = 17.11.35222.181
MinimumVisualStudioVersion = 10.0.40219.1
Project("{FAE04EC0-301F-11D3-BF4B-00C04F79EFBC}") = "TKBs", "TKBs\TKBs.csproj", "{CF722829-9AF3-40F5-9CA2-278DC3AC9AA7}"
EndProject
Global
	GlobalSection(SolutionConfigurationPlatforms) = preSolution
		Debug|Any CPU = Debug|Any CPU
		Release|Any CPU = Release|Any CPU
	EndGlobalSection
	GlobalSection(ProjectConfigurationPlatforms) = postSolution
		{CF722829-9AF3-40F5-9CA2-278DC3AC9AA7}.Debug|Any CPU.ActiveCfg = Debug|Any CPU
		{CF722829-9AF3-40F5-9CA2-278DC3AC9AA7}.Debug|Any CPU.Build.0 = Debug|Any CPU
		{CF722829-9AF3-40F5-9CA2-278DC3AC9AA7}.Release|Any CPU.ActiveCfg = Release|Any CPU
		{CF722829-9AF3-40F5-9CA2-278DC3AC9AA7}.Release|Any CPU.Build.0 = Release|Any CPU
	EndGlobalSection
	GlobalSection(SolutionProperties) = preSolution
		HideSolutionNode = FALSE
	EndGlobalSection
	GlobalSection(ExtensibilityGlobals) = postSolution
		SolutionGuid = {67E849F5-3677-4F5B-B43D-E010B46607E3}
	EndGlobalSection
EndGlobal
